
Microsoft Visual Studio Solution File, Format Version 12.00
# Visual Studio Version 17
VisualStudioVersion = 17.3.32901.215
MinimumVisualStudioVersion = 10.0.40219.1
Project("{FAE04EC0-301F-11D3-BF4B-00C04F79EFBC}") = "Presentacion_GUI", "Presentacion_GUI\Presentacion_GUI.csproj", "{E8E2234A-227C-40CB-9A3E-D7D59796C070}"
EndProject
Project("{FAE04EC0-301F-11D3-BF4B-00C04F79EFBC}") = "Logica", "Logica\Logica.csproj", "{AE3D7C3A-22EF-4A0F-ABDE-77098C59D0F5}"
EndProject
Project("{FAE04EC0-301F-11D3-BF4B-00C04F79EFBC}") = "Datos", "Datos\Datos.csproj", "{C962735C-5129-4F3F-B1BC-E455826EEA65}"
EndProject
Project("{FAE04EC0-301F-11D3-BF4B-00C04F79EFBC}") = "Entidades", "Entitades\Entidades.csproj", "{03F22716-D857-41C4-B1EA-74E16A736599}"
EndProject
Global
	GlobalSection(SolutionConfigurationPlatforms) = preSolution
		Debug|Any CPU = Debug|Any CPU
		Release|Any CPU = Release|Any CPU
	EndGlobalSection
	GlobalSection(ProjectConfigurationPlatforms) = postSolution
		{E8E2234A-227C-40CB-9A3E-D7D59796C070}.Debug|Any CPU.ActiveCfg = Debug|Any CPU
		{E8E2234A-227C-40CB-9A3E-D7D59796C070}.Debug|Any CPU.Build.0 = Debug|Any CPU
		{E8E2234A-227C-40CB-9A3E-D7D59796C070}.Release|Any CPU.ActiveCfg = Release|Any CPU
		{E8E2234A-227C-40CB-9A3E-D7D59796C070}.Release|Any CPU.Build.0 = Release|Any CPU
		{AE3D7C3A-22EF-4A0F-ABDE-77098C59D0F5}.Debug|Any CPU.ActiveCfg = Debug|Any CPU
		{AE3D7C3A-22EF-4A0F-ABDE-77098C59D0F5}.Debug|Any CPU.Build.0 = Debug|Any CPU
		{AE3D7C3A-22EF-4A0F-ABDE-77098C59D0F5}.Release|Any CPU.ActiveCfg = Release|Any CPU
		{AE3D7C3A-22EF-4A0F-ABDE-77098C59D0F5}.Release|Any CPU.Build.0 = Release|Any CPU
		{C962735C-5129-4F3F-B1BC-E455826EEA65}.Debug|Any CPU.ActiveCfg = Debug|Any CPU
		{C962735C-5129-4F3F-B1BC-E455826EEA65}.Debug|Any CPU.Build.0 = Debug|Any CPU
		{C962735C-5129-4F3F-B1BC-E455826EEA65}.Release|Any CPU.ActiveCfg = Release|Any CPU
		{C962735C-5129-4F3F-B1BC-E455826EEA65}.Release|Any CPU.Build.0 = Release|Any CPU
		{03F22716-D857-41C4-B1EA-74E16A736599}.Debug|Any CPU.ActiveCfg = Debug|Any CPU
		{03F22716-D857-41C4-B1EA-74E16A736599}.Debug|Any CPU.Build.0 = Debug|Any CPU
		{03F22716-D857-41C4-B1EA-74E16A736599}.Release|Any CPU.ActiveCfg = Release|Any CPU
		{03F22716-D857-41C4-B1EA-74E16A736599}.Release|Any CPU.Build.0 = Release|Any CPU
	EndGlobalSection
	GlobalSection(SolutionProperties) = preSolution
		HideSolutionNode = FALSE
	EndGlobalSection
	GlobalSection(ExtensibilityGlobals) = postSolution
		SolutionGuid = {3A37A22B-B046-431D-A7C3-0DB25E2BCF5E}
	EndGlobalSection
EndGlobal
